
Microsoft Visual Studio Solution File, Format Version 12.00
# Visual Studio Version 17
VisualStudioVersion = 17.14.36221.1 d17.14
MinimumVisualStudioVersion = 10.0.40219.1
Project("{FAE04EC0-301F-11D3-BF4B-00C04F79EFBC}") = "SELENIUM WPF", "SELENIUM WPF\SELENIUM WPF.csproj", "{EF616009-D1E3-458D-ADE7-464F7040933D}"
EndProject
Global
	GlobalSection(SolutionConfigurationPlatforms) = preSolution
		Debug|Any CPU = Debug|Any CPU
		Release|Any CPU = Release|Any CPU
	EndGlobalSection
	GlobalSection(ProjectConfigurationPlatforms) = postSolution
		{EF616009-D1E3-458D-ADE7-464F7040933D}.Debug|Any CPU.ActiveCfg = Debug|Any CPU
		{EF616009-D1E3-458D-ADE7-464F7040933D}.Debug|Any CPU.Build.0 = Debug|Any CPU
		{EF616009-D1E3-458D-ADE7-464F7040933D}.Release|Any CPU.ActiveCfg = Release|Any CPU
		{EF616009-D1E3-458D-ADE7-464F7040933D}.Release|Any CPU.Build.0 = Release|Any CPU
	EndGlobalSection
	GlobalSection(SolutionProperties) = preSolution
		HideSolutionNode = FALSE
	EndGlobalSection
	GlobalSection(ExtensibilityGlobals) = postSolution
		SolutionGuid = {C86CE8E1-422A-4388-9500-32B30BF15419}
	EndGlobalSection
EndGlobal
